// !$*UTF8*$!
{
	archiveVersion = 1;
	classes = {
	};
	objectVersion = 56;
	objects = {

/* Begin PBXBuildFile section */
		310BF11F2BC5A91400E760E5 /* Constants.swift in Sources */ = {isa = PBXBuildFile; fileRef = 310BF11E2BC5A91400E760E5 /* Constants.swift */; };
		310BF1212BC5CACA00E760E5 /* VideoPlayerView.swift in Sources */ = {isa = PBXBuildFile; fileRef = 310BF1202BC5CACA00E760E5 /* VideoPlayerView.swift */; };
		310BF1262BC5D06000E760E5 /* VideoPlayerViewModel.swift in Sources */ = {isa = PBXBuildFile; fileRef = 310BF1252BC5D06000E760E5 /* VideoPlayerViewModel.swift */; };
		310D5E482BC4B08900524CF4 /* OverplayApp.swift in Sources */ = {isa = PBXBuildFile; fileRef = 310D5E472BC4B08900524CF4 /* OverplayApp.swift */; };
		310D5E4A2BC4B08900524CF4 /* ContentView.swift in Sources */ = {isa = PBXBuildFile; fileRef = 310D5E492BC4B08900524CF4 /* ContentView.swift */; };
		310D5E4C2BC4B08B00524CF4 /* Assets.xcassets in Resources */ = {isa = PBXBuildFile; fileRef = 310D5E4B2BC4B08B00524CF4 /* Assets.xcassets */; };
		310D5E4F2BC4B08B00524CF4 /* Preview Assets.xcassets in Resources */ = {isa = PBXBuildFile; fileRef = 310D5E4E2BC4B08B00524CF4 /* Preview Assets.xcassets */; };
		3110B1512BC5F8E300D8E37E /* UIDevice+Extension.swift in Sources */ = {isa = PBXBuildFile; fileRef = 3110B1502BC5F8E300D8E37E /* UIDevice+Extension.swift */; };
		3110B1532BC5F93000D8E37E /* DeviceShakeViewModifier.swift in Sources */ = {isa = PBXBuildFile; fileRef = 3110B1522BC5F92F00D8E37E /* DeviceShakeViewModifier.swift */; };
/* End PBXBuildFile section */

/* Begin PBXFileReference section */
		310BF11E2BC5A91400E760E5 /* Constants.swift */ = {isa = PBXFileReference; lastKnownFileType = sourcecode.swift; path = Constants.swift; sourceTree = "<group>"; };
		310BF1202BC5CACA00E760E5 /* VideoPlayerView.swift */ = {isa = PBXFileReference; lastKnownFileType = sourcecode.swift; path = VideoPlayerView.swift; sourceTree = "<group>"; };
		310BF1222BC5CB6F00E760E5 /* Info.plist */ = {isa = PBXFileReference; lastKnownFileType = text.plist; path = Info.plist; sourceTree = "<group>"; };
		310BF1252BC5D06000E760E5 /* VideoPlayerViewModel.swift */ = {isa = PBXFileReference; lastKnownFileType = sourcecode.swift; path = VideoPlayerViewModel.swift; sourceTree = "<group>"; };
		310D5E442BC4B08900524CF4 /* Overplay.app */ = {isa = PBXFileReference; explicitFileType = wrapper.application; includeInIndex = 0; path = Overplay.app; sourceTree = BUILT_PRODUCTS_DIR; };
		310D5E472BC4B08900524CF4 /* OverplayApp.swift */ = {isa = PBXFileReference; lastKnownFileType = sourcecode.swift; path = OverplayApp.swift; sourceTree = "<group>"; };
		310D5E492BC4B08900524CF4 /* ContentView.swift */ = {isa = PBXFileReference; lastKnownFileType = sourcecode.swift; path = ContentView.swift; sourceTree = "<group>"; };
		310D5E4B2BC4B08B00524CF4 /* Assets.xcassets */ = {isa = PBXFileReference; lastKnownFileType = folder.assetcatalog; path = Assets.xcassets; sourceTree = "<group>"; };
		310D5E4E2BC4B08B00524CF4 /* Preview Assets.xcassets */ = {isa = PBXFileReference; lastKnownFileType = folder.assetcatalog; path = "Preview Assets.xcassets"; sourceTree = "<group>"; };
		3110B1502BC5F8E300D8E37E /* UIDevice+Extension.swift */ = {isa = PBXFileReference; lastKnownFileType = sourcecode.swift; path = "UIDevice+Extension.swift"; sourceTree = "<group>"; };
		3110B1522BC5F92F00D8E37E /* DeviceShakeViewModifier.swift */ = {isa = PBXFileReference; lastKnownFileType = sourcecode.swift; path = DeviceShakeViewModifier.swift; sourceTree = "<group>"; };
/* End PBXFileReference section */

/* Begin PBXFrameworksBuildPhase section */
		310D5E412BC4B08900524CF4 /* Frameworks */ = {
			isa = PBXFrameworksBuildPhase;
			buildActionMask = 2147483647;
			files = (
			);
			runOnlyForDeploymentPostprocessing = 0;
		};
/* End PBXFrameworksBuildPhase section */

/* Begin PBXGroup section */
		310D5E3B2BC4B08900524CF4 = {
			isa = PBXGroup;
			children = (
				310D5E462BC4B08900524CF4 /* Overplay */,
				310D5E452BC4B08900524CF4 /* Products */,
			);
			sourceTree = "<group>";
		};
		310D5E452BC4B08900524CF4 /* Products */ = {
			isa = PBXGroup;
			children = (
				310D5E442BC4B08900524CF4 /* Overplay.app */,
			);
			name = Products;
			sourceTree = "<group>";
		};
		310D5E462BC4B08900524CF4 /* Overplay */ = {
			isa = PBXGroup;
			children = (
				31647B7E2BC6EC1000DFEDD3 /* ViewModels */,
				31647B7D2BC6EC0600DFEDD3 /* Utils */,
				31647B7C2BC6EBFA00DFEDD3 /* Views */,
				310BF1222BC5CB6F00E760E5 /* Info.plist */,
				310D5E472BC4B08900524CF4 /* OverplayApp.swift */,
				310D5E4B2BC4B08B00524CF4 /* Assets.xcassets */,
				310D5E4D2BC4B08B00524CF4 /* Preview Content */,
			);
			path = Overplay;
			sourceTree = "<group>";
		};
		310D5E4D2BC4B08B00524CF4 /* Preview Content */ = {
			isa = PBXGroup;
			children = (
				310D5E4E2BC4B08B00524CF4 /* Preview Assets.xcassets */,
			);
			path = "Preview Content";
			sourceTree = "<group>";
		};
		31647B7C2BC6EBFA00DFEDD3 /* Views */ = {
			isa = PBXGroup;
			children = (
				310D5E492BC4B08900524CF4 /* ContentView.swift */,
				310BF1202BC5CACA00E760E5 /* VideoPlayerView.swift */,
			);
			path = Views;
			sourceTree = "<group>";
		};
		31647B7D2BC6EC0600DFEDD3 /* Utils */ = {
			isa = PBXGroup;
			children = (
				310BF11E2BC5A91400E760E5 /* Constants.swift */,
				3110B1502BC5F8E300D8E37E /* UIDevice+Extension.swift */,
				3110B1522BC5F92F00D8E37E /* DeviceShakeViewModifier.swift */,
			);
			path = Utils;
			sourceTree = "<group>";
		};
		31647B7E2BC6EC1000DFEDD3 /* ViewModels */ = {
			isa = PBXGroup;
			children = (
				310BF1252BC5D06000E760E5 /* VideoPlayerViewModel.swift */,
			);
			path = ViewModels;
			sourceTree = "<group>";
		};
/* End PBXGroup section */

/* Begin PBXNativeTarget section */
		310D5E432BC4B08900524CF4 /* Overplay */ = {
			isa = PBXNativeTarget;
			buildConfigurationList = 310D5E522BC4B08B00524CF4 /* Build configuration list for PBXNativeTarget "Overplay" */;
			buildPhases = (
				310D5E402BC4B08900524CF4 /* Sources */,
				310D5E412BC4B08900524CF4 /* Frameworks */,
				310D5E422BC4B08900524CF4 /* Resources */,
			);
			buildRules = (
			);
			dependencies = (
			);
			name = Overplay;
			productName = Overplay;
			productReference = 310D5E442BC4B08900524CF4 /* Overplay.app */;
			productType = "com.apple.product-type.application";
		};
/* End PBXNativeTarget section */

/* Begin PBXProject section */
		310D5E3C2BC4B08900524CF4 /* Project object */ = {
			isa = PBXProject;
			attributes = {
				BuildIndependentTargetsInParallel = 1;
				LastSwiftUpdateCheck = 1530;
				LastUpgradeCheck = 1530;
				TargetAttributes = {
					310D5E432BC4B08900524CF4 = {
						CreatedOnToolsVersion = 15.3;
					};
				};
			};
			buildConfigurationList = 310D5E3F2BC4B08900524CF4 /* Build configuration list for PBXProject "Overplay" */;
			compatibilityVersion = "Xcode 14.0";
			developmentRegion = en;
			hasScannedForEncodings = 0;
			knownRegions = (
				en,
				Base,
			);
			mainGroup = 310D5E3B2BC4B08900524CF4;
			productRefGroup = 310D5E452BC4B08900524CF4 /* Products */;
			projectDirPath = "";
			projectRoot = "";
			targets = (
				310D5E432BC4B08900524CF4 /* Overplay */,
			);
		};
/* End PBXProject section */

/* Begin PBXResourcesBuildPhase section */
		310D5E422BC4B08900524CF4 /* Resources */ = {
			isa = PBXResourcesBuildPhase;
			buildActionMask = 2147483647;
			files = (
				310D5E4F2BC4B08B00524CF4 /* Preview Assets.xcassets in Resources */,
				310D5E4C2BC4B08B00524CF4 /* Assets.xcassets in Resources */,
			);
			runOnlyForDeploymentPostprocessing = 0;
		};
/* End PBXResourcesBuildPhase section */

/* Begin PBXSourcesBuildPhase section */
		310D5E402BC4B08900524CF4 /* Sources */ = {
			isa = PBXSourcesBuildPhase;
			buildActionMask = 2147483647;
			files = (
				3110B1532BC5F93000D8E37E /* DeviceShakeViewModifier.swift in Sources */,
				310D5E4A2BC4B08900524CF4 /* ContentView.swift in Sources */,
				3110B1512BC5F8E300D8E37E /* UIDevice+Extension.swift in Sources */,
				310D5E482BC4B08900524CF4 /* OverplayApp.swift in Sources */,
				310BF1262BC5D06000E760E5 /* VideoPlayerViewModel.swift in Sources */,
				310BF11F2BC5A91400E760E5 /* Constants.swift in Sources */,
				310BF1212BC5CACA00E760E5 /* VideoPlayerView.swift in Sources */,
			);
			runOnlyForDeploymentPostprocessing = 0;
		};
/* End PBXSourcesBuildPhase section */

/* Begin XCBuildConfiguration section */
		310D5E502BC4B08B00524CF4 /* Debug */ = {
			isa = XCBuildConfiguration;
			buildSettings = {
				ALWAYS_SEARCH_USER_PATHS = NO;
				ASSETCATALOG_COMPILER_GENERATE_SWIFT_ASSET_SYMBOL_EXTENSIONS = YES;
				CLANG_ANALYZER_NONNULL = YES;
				CLANG_ANALYZER_NUMBER_OBJECT_CONVERSION = YES_AGGRESSIVE;
				CLANG_CXX_LANGUAGE_STANDARD = "gnu++20";
				CLANG_ENABLE_MODULES = YES;
				CLANG_ENABLE_OBJC_ARC = YES;
				CLANG_ENABLE_OBJC_WEAK = YES;
				CLANG_WARN_BLOCK_CAPTURE_AUTORELEASING = YES;
				CLANG_WARN_BOOL_CONVERSION = YES;
				CLANG_WARN_COMMA = YES;
				CLANG_WARN_CONSTANT_CONVERSION = YES;
				CLANG_WARN_DEPRECATED_OBJC_IMPLEMENTATIONS = YES;
				CLANG_WARN_DIRECT_OBJC_ISA_USAGE = YES_ERROR;
				CLANG_WARN_DOCUMENTATION_COMMENTS = YES;
				CLANG_WARN_EMPTY_BODY = YES;
				CLANG_WARN_ENUM_CONVERSION = YES;
				CLANG_WARN_INFINITE_RECURSION = YES;
				CLANG_WARN_INT_CONVERSION = YES;
				CLANG_WARN_NON_LITERAL_NULL_CONVERSION = YES;
				CLANG_WARN_OBJC_IMPLICIT_RETAIN_SELF = YES;
				CLANG_WARN_OBJC_LITERAL_CONVERSION = YES;
				CLANG_WARN_OBJC_ROOT_CLASS = YES_ERROR;
				CLANG_WARN_QUOTED_INCLUDE_IN_FRAMEWORK_HEADER = YES;
				CLANG_WARN_RANGE_LOOP_ANALYSIS = YES;
				CLANG_WARN_STRICT_PROTOTYPES = YES;
				CLANG_WARN_SUSPICIOUS_MOVE = YES;
				CLANG_WARN_UNGUARDED_AVAILABILITY = YES_AGGRESSIVE;
				CLANG_WARN_UNREACHABLE_CODE = YES;
				CLANG_WARN__DUPLICATE_METHOD_MATCH = YES;
				COPY_PHASE_STRIP = NO;
				DEBUG_INFORMATION_FORMAT = dwarf;
				ENABLE_STRICT_OBJC_MSGSEND = YES;
				ENABLE_TESTABILITY = YES;
				ENABLE_USER_SCRIPT_SANDBOXING = YES;
				GCC_C_LANGUAGE_STANDARD = gnu17;
				GCC_DYNAMIC_NO_PIC = NO;
				GCC_NO_COMMON_BLOCKS = YES;
				GCC_OPTIMIZATION_LEVEL = 0;
				GCC_PREPROCESSOR_DEFINITIONS = (
					"DEBUG=1",
					"$(inherited)",
				);
				GCC_WARN_64_TO_32_BIT_CONVERSION = YES;
				GCC_WARN_ABOUT_RETURN_TYPE = YES_ERROR;
				GCC_WARN_UNDECLARED_SELECTOR = YES;
				GCC_WARN_UNINITIALIZED_AUTOS = YES_AGGRESSIVE;
				GCC_WARN_UNUSED_FUNCTION = YES;
				GCC_WARN_UNUSED_VARIABLE = YES;
				IPHONEOS_DEPLOYMENT_TARGET = 17.4;
				LOCALIZATION_PREFERS_STRING_CATALOGS = YES;
				MTL_ENABLE_DEBUG_INFO = INCLUDE_SOURCE;
				MTL_FAST_MATH = YES;
				ONLY_ACTIVE_ARCH = YES;
				SDKROOT = iphoneos;
				SWIFT_ACTIVE_COMPILATION_CONDITIONS = "DEBUG $(inherited)";
				SWIFT_OPTIMIZATION_LEVEL = "-Onone";
			};
			name = Debug;
		};
		310D5E512BC4B08B00524CF4 /* Release */ = {
			isa = XCBuildConfiguration;
			buildSettings = {
				ALWAYS_SEARCH_USER_PATHS = NO;
				ASSETCATALOG_COMPILER_GENERATE_SWIFT_ASSET_SYMBOL_EXTENSIONS = YES;
				CLANG_ANALYZER_NONNULL = YES;
				CLANG_ANALYZER_NUMBER_OBJECT_CONVERSION = YES_AGGRESSIVE;
				CLANG_CXX_LANGUAGE_STANDARD = "gnu++20";
				CLANG_ENABLE_MODULES = YES;
				CLANG_ENABLE_OBJC_ARC = YES;
				CLANG_ENABLE_OBJC_WEAK = YES;
				CLANG_WARN_BLOCK_CAPTURE_AUTORELEASING = YES;
				CLANG_WARN_BOOL_CONVERSION = YES;
				CLANG_WARN_COMMA = YES;
				CLANG_WARN_CONSTANT_CONVERSION = YES;
				CLANG_WARN_DEPRECATED_OBJC_IMPLEMENTATIONS = YES;
				CLANG_WARN_DIRECT_OBJC_ISA_USAGE = YES_ERROR;
				CLANG_WARN_DOCUMENTATION_COMMENTS = YES;
				CLANG_WARN_EMPTY_BODY = YES;
				CLANG_WARN_ENUM_CONVERSION = YES;
				CLANG_WARN_INFINITE_RECURSION = YES;
				CLANG_WARN_INT_CONVERSION = YES;
				CLANG_WARN_NON_LITERAL_NULL_CONVERSION = YES;
				CLANG_WARN_OBJC_IMPLICIT_RETAIN_SELF = YES;
				CLANG_WARN_OBJC_LITERAL_CONVERSION = YES;
				CLANG_WARN_OBJC_ROOT_CLASS = YES_ERROR;
				CLANG_WARN_QUOTED_INCLUDE_IN_FRAMEWORK_HEADER = YES;
				CLANG_WARN_RANGE_LOOP_ANALYSIS = YES;
				CLANG_WARN_STRICT_PROTOTYPES = YES;
				CLANG_WARN_SUSPICIOUS_MOVE = YES;
				CLANG_WARN_UNGUARDED_AVAILABILITY = YES_AGGRESSIVE;
				CLANG_WARN_UNREACHABLE_CODE = YES;
				CLANG_WARN__DUPLICATE_METHOD_MATCH = YES;
				COPY_PHASE_STRIP = NO;
				DEBUG_INFORMATION_FORMAT = "dwarf-with-dsym";
				ENABLE_NS_ASSERTIONS = NO;
				ENABLE_STRICT_OBJC_MSGSEND = YES;
				ENABLE_USER_SCRIPT_SANDBOXING = YES;
				GCC_C_LANGUAGE_STANDARD = gnu17;
				GCC_NO_COMMON_BLOCKS = YES;
				GCC_WARN_64_TO_32_BIT_CONVERSION = YES;
				GCC_WARN_ABOUT_RETURN_TYPE = YES_ERROR;
				GCC_WARN_UNDECLARED_SELECTOR = YES;
				GCC_WARN_UNINITIALIZED_AUTOS = YES_AGGRESSIVE;
				GCC_WARN_UNUSED_FUNCTION = YES;
				GCC_WARN_UNUSED_VARIABLE = YES;
				IPHONEOS_DEPLOYMENT_TARGET = 17.4;
				LOCALIZATION_PREFERS_STRING_CATALOGS = YES;
				MTL_ENABLE_DEBUG_INFO = NO;
				MTL_FAST_MATH = YES;
				SDKROOT = iphoneos;
				SWIFT_COMPILATION_MODE = wholemodule;
				VALIDATE_PRODUCT = YES;
			};
			name = Release;
		};
		310D5E532BC4B08B00524CF4 /* Debug */ = {
			isa = XCBuildConfiguration;
			buildSettings = {
				ASSETCATALOG_COMPILER_APPICON_NAME = AppIcon;
				ASSETCATALOG_COMPILER_GLOBAL_ACCENT_COLOR_NAME = AccentColor;
				CODE_SIGN_STYLE = Automatic;
				CURRENT_PROJECT_VERSION = 1;
				DEVELOPMENT_ASSET_PATHS = "\"Overplay/Preview Content\"";
				DEVELOPMENT_TEAM = S6JG4MRLZH;
				ENABLE_PREVIEWS = YES;
				ENABLE_USER_SCRIPT_SANDBOXING = NO;
				GENERATE_INFOPLIST_FILE = YES;
				INFOPLIST_FILE = Overplay/Info.plist;
				INFOPLIST_KEY_UIApplicationSceneManifest_Generation = YES;
				INFOPLIST_KEY_UIApplicationSupportsIndirectInputEvents = YES;
				INFOPLIST_KEY_UILaunchScreen_Generation = YES;
				INFOPLIST_KEY_UISupportedInterfaceOrientations_iPad = "UIInterfaceOrientationPortrait UIInterfaceOrientationPortraitUpsideDown UIInterfaceOrientationLandscapeLeft UIInterfaceOrientationLandscapeRight";
				INFOPLIST_KEY_UISupportedInterfaceOrientations_iPhone = "UIInterfaceOrientationPortrait UIInterfaceOrientationLandscapeLeft UIInterfaceOrientationLandscapeRight";
				LD_RUNPATH_SEARCH_PATHS = (
					"$(inherited)",
					"@executable_path/Frameworks",
				);
				MARKETING_VERSION = 1.0;
				PRODUCT_BUNDLE_IDENTIFIER = juanjogramo.Overplay;
				PRODUCT_NAME = "$(TARGET_NAME)";
				SWIFT_EMIT_LOC_STRINGS = YES;
				SWIFT_VERSION = 5.0;
				TARGETED_DEVICE_FAMILY = "1,2";
			};
			name = Debug;
		};
		310D5E542BC4B08B00524CF4 /* Release */ = {
			isa = XCBuildConfiguration;
			buildSettings = {
				ASSETCATALOG_COMPILER_APPICON_NAME = AppIcon;
				ASSETCATALOG_COMPILER_GLOBAL_ACCENT_COLOR_NAME = AccentColor;
				CODE_SIGN_STYLE = Automatic;
				CURRENT_PROJECT_VERSION = 1;
				DEVELOPMENT_ASSET_PATHS = "\"Overplay/Preview Content\"";
				DEVELOPMENT_TEAM = S6JG4MRLZH;
				ENABLE_PREVIEWS = YES;
				ENABLE_USER_SCRIPT_SANDBOXING = NO;
				GENERATE_INFOPLIST_FILE = YES;
				INFOPLIST_FILE = Overplay/Info.plist;
				INFOPLIST_KEY_UIApplicationSceneManifest_Generation = YES;
				INFOPLIST_KEY_UIApplicationSupportsIndirectInputEvents = YES;
				INFOPLIST_KEY_UILaunchScreen_Generation = YES;
				INFOPLIST_KEY_UISupportedInterfaceOrientations_iPad = "UIInterfaceOrientationPortrait UIInterfaceOrientationPortraitUpsideDown UIInterfaceOrientationLandscapeLeft UIInterfaceOrientationLandscapeRight";
				INFOPLIST_KEY_UISupportedInterfaceOrientations_iPhone = "UIInterfaceOrientationPortrait UIInterfaceOrientationLandscapeLeft UIInterfaceOrientationLandscapeRight";
				LD_RUNPATH_SEARCH_PATHS = (
					"$(inherited)",
					"@executable_path/Frameworks",
				);
				MARKETING_VERSION = 1.0;
				PRODUCT_BUNDLE_IDENTIFIER = juanjogramo.Overplay;
				PRODUCT_NAME = "$(TARGET_NAME)";
				SWIFT_EMIT_LOC_STRINGS = YES;
				SWIFT_VERSION = 5.0;
				TARGETED_DEVICE_FAMILY = "1,2";
			};
			name = Release;
		};
/* End XCBuildConfiguration section */

/* Begin XCConfigurationList section */
		310D5E3F2BC4B08900524CF4 /* Build configuration list for PBXProject "Overplay" */ = {
			isa = XCConfigurationList;
			buildConfigurations = (
				310D5E502BC4B08B00524CF4 /* Debug */,
				310D5E512BC4B08B00524CF4 /* Release */,
			);
			defaultConfigurationIsVisible = 0;
			defaultConfigurationName = Release;
		};
		310D5E522BC4B08B00524CF4 /* Build configuration list for PBXNativeTarget "Overplay" */ = {
			isa = XCConfigurationList;
			buildConfigurations = (
				310D5E532BC4B08B00524CF4 /* Debug */,
				310D5E542BC4B08B00524CF4 /* Release */,
			);
			defaultConfigurationIsVisible = 0;
			defaultConfigurationName = Release;
		};
/* End XCConfigurationList section */
	};
	rootObject = 310D5E3C2BC4B08900524CF4 /* Project object */;
}
